
Microsoft Visual Studio Solution File, Format Version 12.00
# Visual Studio Version 16
VisualStudioVersion = 16.0.29728.190
MinimumVisualStudioVersion = 10.0.40219.1
Project("{9A19103F-16F7-4668-BE54-9A1E7A4F7556}") = "RetailManager.WebHost", "RetailManager.Host\RetailManager.WebHost.csproj", "{B680BC44-EC1B-49EC-91D5-5ACEBC0BC203}"
EndProject
Project("{FAE04EC0-301F-11D3-BF4B-00C04F79EFBC}") = "RetailManager.Contracts", "RetailManager.Contracts\RetailManager.Contracts.csproj", "{7D3C9ED2-4523-4CE8-9830-6B0FA5D2A6CC}"
EndProject
Project("{FAE04EC0-301F-11D3-BF4B-00C04F79EFBC}") = "RetailManager.Data", "RetailManager.Data\RetailManager.Data.csproj", "{0F782030-2CD0-4E64-BEC3-2C2C19BC86B1}"
EndProject
Global
	GlobalSection(SolutionConfigurationPlatforms) = preSolution
		Debug|Any CPU = Debug|Any CPU
		Release|Any CPU = Release|Any CPU
	EndGlobalSection
	GlobalSection(ProjectConfigurationPlatforms) = postSolution
		{B680BC44-EC1B-49EC-91D5-5ACEBC0BC203}.Debug|Any CPU.ActiveCfg = Debug|Any CPU
		{B680BC44-EC1B-49EC-91D5-5ACEBC0BC203}.Debug|Any CPU.Build.0 = Debug|Any CPU
		{B680BC44-EC1B-49EC-91D5-5ACEBC0BC203}.Release|Any CPU.ActiveCfg = Release|Any CPU
		{B680BC44-EC1B-49EC-91D5-5ACEBC0BC203}.Release|Any CPU.Build.0 = Release|Any CPU
		{7D3C9ED2-4523-4CE8-9830-6B0FA5D2A6CC}.Debug|Any CPU.ActiveCfg = Debug|Any CPU
		{7D3C9ED2-4523-4CE8-9830-6B0FA5D2A6CC}.Debug|Any CPU.Build.0 = Debug|Any CPU
		{7D3C9ED2-4523-4CE8-9830-6B0FA5D2A6CC}.Release|Any CPU.ActiveCfg = Release|Any CPU
		{7D3C9ED2-4523-4CE8-9830-6B0FA5D2A6CC}.Release|Any CPU.Build.0 = Release|Any CPU
		{0F782030-2CD0-4E64-BEC3-2C2C19BC86B1}.Debug|Any CPU.ActiveCfg = Debug|Any CPU
		{0F782030-2CD0-4E64-BEC3-2C2C19BC86B1}.Debug|Any CPU.Build.0 = Debug|Any CPU
		{0F782030-2CD0-4E64-BEC3-2C2C19BC86B1}.Release|Any CPU.ActiveCfg = Release|Any CPU
		{0F782030-2CD0-4E64-BEC3-2C2C19BC86B1}.Release|Any CPU.Build.0 = Release|Any CPU
	EndGlobalSection
	GlobalSection(SolutionProperties) = preSolution
		HideSolutionNode = FALSE
	EndGlobalSection
	GlobalSection(ExtensibilityGlobals) = postSolution
		SolutionGuid = {2A7720F6-ACDB-455A-B01F-A0689DFBD2BD}
	EndGlobalSection
EndGlobal
